
Microsoft Visual Studio Solution File, Format Version 12.00
# Visual Studio Version 17
VisualStudioVersion = 17.14.36202.13 d17.14
MinimumVisualStudioVersion = 10.0.40219.1
Project("{FAE04EC0-301F-11D3-BF4B-00C04F79EFBC}") = "SeleniumBaseApi", "SeleniumBaseApi\SeleniumBaseApi.csproj", "{5C9B66AC-D53B-BAAB-7611-EE43947BC835}"
EndProject
Global
	GlobalSection(SolutionConfigurationPlatforms) = preSolution
		Debug|Any CPU = Debug|Any CPU
		Release|Any CPU = Release|Any CPU
	EndGlobalSection
	GlobalSection(ProjectConfigurationPlatforms) = postSolution
		{5C9B66AC-D53B-BAAB-7611-EE43947BC835}.Debug|Any CPU.ActiveCfg = Debug|Any CPU
		{5C9B66AC-D53B-BAAB-7611-EE43947BC835}.Debug|Any CPU.Build.0 = Debug|Any CPU
		{5C9B66AC-D53B-BAAB-7611-EE43947BC835}.Release|Any CPU.ActiveCfg = Release|Any CPU
		{5C9B66AC-D53B-BAAB-7611-EE43947BC835}.Release|Any CPU.Build.0 = Release|Any CPU
	EndGlobalSection
	GlobalSection(SolutionProperties) = preSolution
		HideSolutionNode = FALSE
	EndGlobalSection
	GlobalSection(ExtensibilityGlobals) = postSolution
		SolutionGuid = {397A7DF6-ECFB-497C-B864-1C32A3B61715}
	EndGlobalSection
EndGlobal
